
Microsoft Visual Studio Solution File, Format Version 12.00
# Visual Studio 15
VisualStudioVersion = 15.0.28010.2003
MinimumVisualStudioVersion = 10.0.40219.1
Project("{FAE04EC0-301F-11D3-BF4B-00C04F79EFBC}") = "CaixeiroViajante", "CaixeiroViajante\CaixeiroViajante.csproj", "{590178E5-A260-4BD2-A900-7BFF2A0D6814}"
EndProject
Global
	GlobalSection(SolutionConfigurationPlatforms) = preSolution
		Debug|Any CPU = Debug|Any CPU
		Release|Any CPU = Release|Any CPU
	EndGlobalSection
	GlobalSection(ProjectConfigurationPlatforms) = postSolution
		{590178E5-A260-4BD2-A900-7BFF2A0D6814}.Debug|Any CPU.ActiveCfg = Debug|Any CPU
		{590178E5-A260-4BD2-A900-7BFF2A0D6814}.Debug|Any CPU.Build.0 = Debug|Any CPU
		{590178E5-A260-4BD2-A900-7BFF2A0D6814}.Release|Any CPU.ActiveCfg = Release|Any CPU
		{590178E5-A260-4BD2-A900-7BFF2A0D6814}.Release|Any CPU.Build.0 = Release|Any CPU
	EndGlobalSection
	GlobalSection(SolutionProperties) = preSolution
		HideSolutionNode = FALSE
	EndGlobalSection
	GlobalSection(ExtensibilityGlobals) = postSolution
		SolutionGuid = {CEB4F793-7F45-4C24-8761-495FF781980A}
	EndGlobalSection
EndGlobal
